{
  "name": "redis-test",
  "version": "1.0.0",
  "lockfileVersion": 2,
  "requires": true,
  "packages": {
    "": {
      "version": "1.0.0",
      "license": "ISC",
      "dependencies": {
        "redis": "^3.0.2"
      }
    },
    "node_modules/_redis@3.0.2@redis": {
      "name": "redis",
      "version": "3.0.2",
      "resolved": "https://registry.npm.taobao.org/redis/download/redis-3.0.2.tgz",
      "license": "MIT",
      "dependencies": {
        "denque": "^1.4.1",
        "redis-commands": "^1.5.0",
        "redis-errors": "^1.2.0",
        "redis-parser": "^3.0.0"
      },
      "engines": {
        "node": ">=6"
      },
      "funding": {
        "type": "opencollective",
        "url": "https://opencollective.com/node-redis"
      }
    },
    "node_modules/_redis@3.0.2@redis/node_modules/denque": {
      "resolved": "node_modules/_denque@1.5.0@denque",
      "link": true
    },
    "node_modules/_redis@3.0.2@redis/node_modules/redis-commands": {
      "resolved": "node_modules/_redis-commands@1.7.0@redis-commands",
      "link": true
    },
    "node_modules/_redis@3.0.2@redis/node_modules/redis-errors": {
      "resolved": "node_modules/_redis-errors@1.2.0@redis-errors",
      "link": true
    },
    "node_modules/_redis@3.0.2@redis/node_modules/redis-parser": {
      "resolved": "node_modules/_redis-parser@3.0.0@redis-parser",
      "link": true
    },
    "node_modules/redis": {
      "resolved": "node_modules/_redis@3.0.2@redis",
      "link": true
    }
  },
  "dependencies": {
    "_redis@3.0.2@redis": {
      "version": "https://registry.npm.taobao.org/redis/download/redis-3.0.2.tgz",
      "requires": {
        "denque": "^1.4.1",
        "redis-commands": "^1.5.0",
        "redis-errors": "^1.2.0",
        "redis-parser": "^3.0.0"
      },
      "dependencies": {
        "denque": {
          "version": "1.5.0"
        },
        "redis-commands": {
          "version": "1.7.0"
        },
        "redis-errors": {
          "version": "1.2.0"
        },
        "redis-parser": {
          "version": "3.0.0"
        }
      }
    },
    "redis": {
      "version": "file:node_modules/_redis@3.0.2@redis",
      "requires": {
        "denque": "^1.4.1",
        "redis-commands": "^1.5.0",
        "redis-errors": "^1.2.0",
        "redis-parser": "^3.0.0"
      },
      "dependencies": {
        "denque": {
          "version": "1.5.0"
        },
        "redis-commands": {
          "version": "1.7.0"
        },
        "redis-errors": {
          "version": "1.2.0"
        },
        "redis-parser": {
          "version": "3.0.0"
        }
      }
    }
  }
}
