{
  "name": "mysql-test",
  "version": "1.0.0",
  "lockfileVersion": 2,
  "requires": true,
  "packages": {
    "": {
      "version": "1.0.0",
      "license": "ISC",
      "dependencies": {
        "mysql": "^2.18.1"
      }
    },
    "node_modules/_mysql@2.18.1@mysql": {
      "name": "mysql",
      "version": "2.18.1",
      "resolved": "https://registry.npm.taobao.org/mysql/download/mysql-2.18.1.tgz",
      "license": "MIT",
      "dependencies": {
        "bignumber.js": "9.0.0",
        "readable-stream": "2.3.7",
        "safe-buffer": "5.1.2",
        "sqlstring": "2.3.1"
      },
      "engines": {
        "node": ">= 0.6"
      }
    },
    "node_modules/_mysql@2.18.1@mysql/node_modules/bignumber.js": {
      "resolved": "node_modules/_bignumber.js@9.0.0@bignumber.js",
      "link": true
    },
    "node_modules/_mysql@2.18.1@mysql/node_modules/readable-stream": {
      "resolved": "node_modules/_readable-stream@2.3.7@readable-stream",
      "link": true
    },
    "node_modules/_mysql@2.18.1@mysql/node_modules/safe-buffer": {
      "resolved": "node_modules/_safe-buffer@5.1.2@safe-buffer",
      "link": true
    },
    "node_modules/_mysql@2.18.1@mysql/node_modules/sqlstring": {
      "resolved": "node_modules/_sqlstring@2.3.1@sqlstring",
      "link": true
    },
    "node_modules/mysql": {
      "resolved": "node_modules/_mysql@2.18.1@mysql",
      "link": true
    }
  },
  "dependencies": {
    "_mysql@2.18.1@mysql": {
      "version": "https://registry.npm.taobao.org/mysql/download/mysql-2.18.1.tgz",
      "requires": {
        "bignumber.js": "9.0.0",
        "readable-stream": "2.3.7",
        "safe-buffer": "5.1.2",
        "sqlstring": "2.3.1"
      },
      "dependencies": {
        "bignumber.js": {
          "version": "9.0.0"
        },
        "readable-stream": {
          "version": "2.3.7"
        },
        "safe-buffer": {
          "version": "5.1.2"
        },
        "sqlstring": {
          "version": "2.3.1"
        }
      }
    },
    "mysql": {
      "version": "file:node_modules/_mysql@2.18.1@mysql",
      "requires": {
        "bignumber.js": "9.0.0",
        "readable-stream": "2.3.7",
        "safe-buffer": "5.1.2",
        "sqlstring": "2.3.1"
      },
      "dependencies": {
        "bignumber.js": {
          "version": "9.0.0"
        },
        "readable-stream": {
          "version": "2.3.7"
        },
        "safe-buffer": {
          "version": "5.1.2"
        },
        "sqlstring": {
          "version": "2.3.1"
        }
      }
    }
  }
}
